
Microsoft Visual Studio Solution File, Format Version 12.00
# Visual Studio Version 17
VisualStudioVersion = 17.0.31903.59
MinimumVisualStudioVersion = 10.0.40219.1
Project("{9A19103F-16F7-4668-BE54-9A1E7A4F7556}") = "MyApp", "MyApp\MyApp.csproj", "{030B2FF5-37DB-4CC8-9BB6-9FC24DDDD10E}"
EndProject
Project("{2150E333-8FDC-42A3-9474-1A3956D46DE8}") = "Solution Items", "Solution Items", "{E9BDD929-9D00-46A9-BFEA-78D2B0501B23}"
	ProjectSection(SolutionItems) = preProject
		template.yml = template.yml
	EndProjectSection
EndProject
Global
	GlobalSection(SolutionConfigurationPlatforms) = preSolution
		Debug|Any CPU = Debug|Any CPU
		Release|Any CPU = Release|Any CPU
	EndGlobalSection
	GlobalSection(ProjectConfigurationPlatforms) = postSolution
		{030B2FF5-37DB-4CC8-9BB6-9FC24DDDD10E}.Debug|Any CPU.ActiveCfg = Debug|Any CPU
		{030B2FF5-37DB-4CC8-9BB6-9FC24DDDD10E}.Debug|Any CPU.Build.0 = Debug|Any CPU
		{030B2FF5-37DB-4CC8-9BB6-9FC24DDDD10E}.Release|Any CPU.ActiveCfg = Release|Any CPU
		{030B2FF5-37DB-4CC8-9BB6-9FC24DDDD10E}.Release|Any CPU.Build.0 = Release|Any CPU
	EndGlobalSection
	GlobalSection(SolutionProperties) = preSolution
		HideSolutionNode = FALSE
	EndGlobalSection
	GlobalSection(ExtensibilityGlobals) = postSolution
		SolutionGuid = {21E281C5-ED5D-49E9-9755-1F7CF1B77FF5}
	EndGlobalSection
EndGlobal
